// !$*UTF8*$!
{
	archiveVersion = 1;
	classes = {
	};
	objectVersion = 46;
	objects = {

/* Begin PBXBuildFile section */
		1FD469541957186500BC0073 /* AppDelegate.swift in Sources */ = {isa = PBXBuildFile; fileRef = 1FD469531957186500BC0073 /* AppDelegate.swift */; };
		1FD469561957186500BC0073 /* Images.xcassets in Resources */ = {isa = PBXBuildFile; fileRef = 1FD469551957186500BC0073 /* Images.xcassets */; };
		1FD469B019571E5F00BC0073 /* DebugLogDemoTests.swift in Sources */ = {isa = PBXBuildFile; fileRef = 1FD469AF19571E5F00BC0073 /* DebugLogDemoTests.swift */; };
		1FF59ECA1AE21A9C009C08DB /* DebugLog.all.swift in Sources */ = {isa = PBXBuildFile; fileRef = 1FF59EC81AE21A9C009C08DB /* DebugLog.all.swift */; };
		1FF59ECB1AE21ADC009C08DB /* DDFileReader.swift in Sources */ = {isa = PBXBuildFile; fileRef = 1FF59EB21AE2195C009C08DB /* DDFileReader.swift */; };
		1FF59ECC1AE21ADC009C08DB /* DebugLog.swift in Sources */ = {isa = PBXBuildFile; fileRef = 1FD4699719571D7A00BC0073 /* DebugLog.swift */; };
		1FF59ECD1AE21ADC009C08DB /* DebugLog+Printable.swift in Sources */ = {isa = PBXBuildFile; fileRef = 1FD4699619571D7A00BC0073 /* DebugLog+Printable.swift */; };
		1FF59ECE1AE21ADC009C08DB /* DebugLog+ClassParsing.swift in Sources */ = {isa = PBXBuildFile; fileRef = 1FF76470195BB00800756B5E /* DebugLog+ClassParsing.swift */; };
		1FF59ECF1AE21ADC009C08DB /* DDFileReader+DebugLog.swift in Sources */ = {isa = PBXBuildFile; fileRef = 1F511160195BC12800A26D41 /* DDFileReader+DebugLog.swift */; };
/* End PBXBuildFile section */

/* Begin PBXContainerItemProxy section */
		1FD4695C1957186500BC0073 /* PBXContainerItemProxy */ = {
			isa = PBXContainerItemProxy;
			containerPortal = 1FD469461957186500BC0073 /* Project object */;
			proxyType = 1;
			remoteGlobalIDString = 1FD4694D1957186500BC0073;
			remoteInfo = DebugLogDemo;
		};
		1FD46977195718A300BC0073 /* PBXContainerItemProxy */ = {
			isa = PBXContainerItemProxy;
			containerPortal = 1FD469461957186500BC0073 /* Project object */;
			proxyType = 1;
			remoteGlobalIDString = 1FD4694D1957186500BC0073;
			remoteInfo = DebugLogDemo;
		};
		1FD46979195718A300BC0073 /* PBXContainerItemProxy */ = {
			isa = PBXContainerItemProxy;
			containerPortal = 1FD469461957186500BC0073 /* Project object */;
			proxyType = 1;
			remoteGlobalIDString = 1FD4694D1957186500BC0073;
			remoteInfo = DebugLogDemo;
		};
		1FE18D66195BC53D00DAFE3A /* PBXContainerItemProxy */ = {
			isa = PBXContainerItemProxy;
			containerPortal = 1FD469461957186500BC0073 /* Project object */;
			proxyType = 1;
			remoteGlobalIDString = 1FD4694D1957186500BC0073;
			remoteInfo = DebugLogDemo;
		};
/* End PBXContainerItemProxy section */

/* Begin PBXFileReference section */
		1F511160195BC12800A26D41 /* DDFileReader+DebugLog.swift */ = {isa = PBXFileReference; fileEncoding = 4; lastKnownFileType = sourcecode.swift; path = "DDFileReader+DebugLog.swift"; sourceTree = "<group>"; };
		1FD4694E1957186500BC0073 /* DebugLogDemo.app */ = {isa = PBXFileReference; explicitFileType = wrapper.application; includeInIndex = 0; path = DebugLogDemo.app; sourceTree = BUILT_PRODUCTS_DIR; };
		1FD469521957186500BC0073 /* Info.plist */ = {isa = PBXFileReference; lastKnownFileType = text.plist.xml; path = Info.plist; sourceTree = "<group>"; };
		1FD469531957186500BC0073 /* AppDelegate.swift */ = {isa = PBXFileReference; lastKnownFileType = sourcecode.swift; path = AppDelegate.swift; sourceTree = "<group>"; };
		1FD469551957186500BC0073 /* Images.xcassets */ = {isa = PBXFileReference; lastKnownFileType = folder.assetcatalog; path = Images.xcassets; sourceTree = "<group>"; };
		1FD4695B1957186500BC0073 /* DebugLogDemoTests.xctest */ = {isa = PBXFileReference; explicitFileType = wrapper.cfbundle; includeInIndex = 0; path = DebugLogDemoTests.xctest; sourceTree = BUILT_PRODUCTS_DIR; };
		1FD469601957186500BC0073 /* Info.plist */ = {isa = PBXFileReference; lastKnownFileType = text.plist.xml; path = Info.plist; sourceTree = "<group>"; };
		1FD4699619571D7A00BC0073 /* DebugLog+Printable.swift */ = {isa = PBXFileReference; fileEncoding = 4; lastKnownFileType = sourcecode.swift; path = "DebugLog+Printable.swift"; sourceTree = "<group>"; };
		1FD4699719571D7A00BC0073 /* DebugLog.swift */ = {isa = PBXFileReference; fileEncoding = 4; lastKnownFileType = sourcecode.swift; path = DebugLog.swift; sourceTree = "<group>"; };
		1FD469AF19571E5F00BC0073 /* DebugLogDemoTests.swift */ = {isa = PBXFileReference; fileEncoding = 4; lastKnownFileType = sourcecode.swift; path = DebugLogDemoTests.swift; sourceTree = "<group>"; };
		1FF59EB21AE2195C009C08DB /* DDFileReader.swift */ = {isa = PBXFileReference; fileEncoding = 4; lastKnownFileType = sourcecode.swift; path = DDFileReader.swift; sourceTree = "<group>"; };
		1FF59EC81AE21A9C009C08DB /* DebugLog.all.swift */ = {isa = PBXFileReference; fileEncoding = 4; lastKnownFileType = sourcecode.swift; name = DebugLog.all.swift; path = ../DebugLog.all.swift; sourceTree = "<group>"; };
		1FF76470195BB00800756B5E /* DebugLog+ClassParsing.swift */ = {isa = PBXFileReference; fileEncoding = 4; lastKnownFileType = sourcecode.swift; path = "DebugLog+ClassParsing.swift"; sourceTree = "<group>"; };
/* End PBXFileReference section */

/* Begin PBXFrameworksBuildPhase section */
		1FD4694B1957186500BC0073 /* Frameworks */ = {
			isa = PBXFrameworksBuildPhase;
			buildActionMask = 2147483647;
			files = (
			);
			runOnlyForDeploymentPostprocessing = 0;
		};
		1FD469581957186500BC0073 /* Frameworks */ = {
			isa = PBXFrameworksBuildPhase;
			buildActionMask = 2147483647;
			files = (
			);
			runOnlyForDeploymentPostprocessing = 0;
		};
/* End PBXFrameworksBuildPhase section */

/* Begin PBXGroup section */
		1FD469451957186500BC0073 = {
			isa = PBXGroup;
			children = (
				1FF59EC81AE21A9C009C08DB /* DebugLog.all.swift */,
				1FF59EAD1AE2195C009C08DB /* Vendor */,
				1FD4698719571D7A00BC0073 /* DebugLog */,
				1FD469501957186500BC0073 /* DebugLogDemo */,
				1FD4695E1957186500BC0073 /* DebugLogDemoTests */,
				1FD4694F1957186500BC0073 /* Products */,
			);
			sourceTree = "<group>";
		};
		1FD4694F1957186500BC0073 /* Products */ = {
			isa = PBXGroup;
			children = (
				1FD4694E1957186500BC0073 /* DebugLogDemo.app */,
				1FD4695B1957186500BC0073 /* DebugLogDemoTests.xctest */,
			);
			name = Products;
			sourceTree = "<group>";
		};
		1FD469501957186500BC0073 /* DebugLogDemo */ = {
			isa = PBXGroup;
			children = (
				1FD469531957186500BC0073 /* AppDelegate.swift */,
				1FD469551957186500BC0073 /* Images.xcassets */,
				1FD469511957186500BC0073 /* Supporting Files */,
			);
			path = DebugLogDemo;
			sourceTree = "<group>";
		};
		1FD469511957186500BC0073 /* Supporting Files */ = {
			isa = PBXGroup;
			children = (
				1FD469521957186500BC0073 /* Info.plist */,
			);
			name = "Supporting Files";
			sourceTree = "<group>";
		};
		1FD4695E1957186500BC0073 /* DebugLogDemoTests */ = {
			isa = PBXGroup;
			children = (
				1FD469AF19571E5F00BC0073 /* DebugLogDemoTests.swift */,
				1FD4695F1957186500BC0073 /* Supporting Files */,
			);
			path = DebugLogDemoTests;
			sourceTree = "<group>";
		};
		1FD4695F1957186500BC0073 /* Supporting Files */ = {
			isa = PBXGroup;
			children = (
				1FD469601957186500BC0073 /* Info.plist */,
			);
			name = "Supporting Files";
			sourceTree = "<group>";
		};
		1FD4698719571D7A00BC0073 /* DebugLog */ = {
			isa = PBXGroup;
			children = (
				1FD4699719571D7A00BC0073 /* DebugLog.swift */,
				1FD4699619571D7A00BC0073 /* DebugLog+Printable.swift */,
				1FF76470195BB00800756B5E /* DebugLog+ClassParsing.swift */,
				1F511160195BC12800A26D41 /* DDFileReader+DebugLog.swift */,
			);
			name = DebugLog;
			path = ../DebugLog;
			sourceTree = "<group>";
		};
		1FF59EAD1AE2195C009C08DB /* Vendor */ = {
			isa = PBXGroup;
			children = (
				1FF59EAE1AE2195C009C08DB /* DDFileReader */,
			);
			name = Vendor;
			path = ../Vendor;
			sourceTree = "<group>";
		};
		1FF59EAE1AE2195C009C08DB /* DDFileReader */ = {
			isa = PBXGroup;
			children = (
				1FF59EB01AE2195C009C08DB /* DDFileReader */,
			);
			path = DDFileReader;
			sourceTree = "<group>";
		};
		1FF59EB01AE2195C009C08DB /* DDFileReader */ = {
			isa = PBXGroup;
			children = (
				1FF59EB21AE2195C009C08DB /* DDFileReader.swift */,
			);
			path = DDFileReader;
			sourceTree = "<group>";
		};
/* End PBXGroup section */

/* Begin PBXNativeTarget section */
		1FD4694D1957186500BC0073 /* DebugLogDemo */ = {
			isa = PBXNativeTarget;
			buildConfigurationList = 1FD469651957186500BC0073 /* Build configuration list for PBXNativeTarget "DebugLogDemo" */;
			buildPhases = (
				1FD4694A1957186500BC0073 /* Sources */,
				1FD4694B1957186500BC0073 /* Frameworks */,
				1FD4694C1957186500BC0073 /* Resources */,
				1FD84DD61BEAC91C000DD5E7 /* ShellScript */,
			);
			buildRules = (
			);
			dependencies = (
			);
			name = DebugLogDemo;
			productName = DebugLogDemo;
			productReference = 1FD4694E1957186500BC0073 /* DebugLogDemo.app */;
			productType = "com.apple.product-type.application";
		};
		1FD4695A1957186500BC0073 /* DebugLogDemoTests */ = {
			isa = PBXNativeTarget;
			buildConfigurationList = 1FD469681957186500BC0073 /* Build configuration list for PBXNativeTarget "DebugLogDemoTests" */;
			buildPhases = (
				1FF59ED41AE21CC4009C08DB /* Run Script (Concat all Swift files) */,
				1FD469571957186500BC0073 /* Sources */,
				1FD469581957186500BC0073 /* Frameworks */,
				1FD469591957186500BC0073 /* Resources */,
			);
			buildRules = (
			);
			dependencies = (
				1FD4695D1957186500BC0073 /* PBXTargetDependency */,
				1FD46978195718A300BC0073 /* PBXTargetDependency */,
				1FD4697A195718A300BC0073 /* PBXTargetDependency */,
				1FE18D67195BC53D00DAFE3A /* PBXTargetDependency */,
			);
			name = DebugLogDemoTests;
			productName = DebugLogDemoTests;
			productReference = 1FD4695B1957186500BC0073 /* DebugLogDemoTests.xctest */;
			productType = "com.apple.product-type.bundle.unit-test";
		};
/* End PBXNativeTarget section */

/* Begin PBXProject section */
		1FD469461957186500BC0073 /* Project object */ = {
			isa = PBXProject;
			attributes = {
				LastSwiftMigration = 0710;
				LastSwiftUpdateCheck = 0710;
				LastUpgradeCheck = 0600;
				ORGANIZATIONNAME = "Yasuhiro Inami";
				TargetAttributes = {
					1FD4694D1957186500BC0073 = {
						CreatedOnToolsVersion = 6.0;
					};
					1FD4695A1957186500BC0073 = {
						CreatedOnToolsVersion = 6.0;
					};
				};
			};
			buildConfigurationList = 1FD469491957186500BC0073 /* Build configuration list for PBXProject "DebugLogDemo" */;
			compatibilityVersion = "Xcode 3.2";
			developmentRegion = English;
			hasScannedForEncodings = 0;
			knownRegions = (
				en,
			);
			mainGroup = 1FD469451957186500BC0073;
			productRefGroup = 1FD4694F1957186500BC0073 /* Products */;
			projectDirPath = "";
			projectRoot = "";
			targets = (
				1FD4694D1957186500BC0073 /* DebugLogDemo */,
				1FD4695A1957186500BC0073 /* DebugLogDemoTests */,
			);
		};
/* End PBXProject section */

/* Begin PBXResourcesBuildPhase section */
		1FD4694C1957186500BC0073 /* Resources */ = {
			isa = PBXResourcesBuildPhase;
			buildActionMask = 2147483647;
			files = (
				1FD469561957186500BC0073 /* Images.xcassets in Resources */,
			);
			runOnlyForDeploymentPostprocessing = 0;
		};
		1FD469591957186500BC0073 /* Resources */ = {
			isa = PBXResourcesBuildPhase;
			buildActionMask = 2147483647;
			files = (
			);
			runOnlyForDeploymentPostprocessing = 0;
		};
/* End PBXResourcesBuildPhase section */

/* Begin PBXShellScriptBuildPhase section */
		1FD84DD61BEAC91C000DD5E7 /* ShellScript */ = {
			isa = PBXShellScriptBuildPhase;
			buildActionMask = 2147483647;
			files = (
			);
			inputPaths = (
			);
			outputPaths = (
			);
			runOnlyForDeploymentPostprocessing = 0;
			shellPath = /bin/sh;
			shellScript = "${PROJECT_DIR}/../Scripts/concat.sh";
		};
		1FF59ED41AE21CC4009C08DB /* Run Script (Concat all Swift files) */ = {
			isa = PBXShellScriptBuildPhase;
			buildActionMask = 2147483647;
			files = (
			);
			inputPaths = (
			);
			name = "Run Script (Concat all Swift files)";
			outputPaths = (
			);
			runOnlyForDeploymentPostprocessing = 0;
			shellPath = /bin/sh;
			shellScript = "cd ${PROJECT_DIR}/../Scripts\n. concat.sh";
		};
/* End PBXShellScriptBuildPhase section */

/* Begin PBXSourcesBuildPhase section */
		1FD4694A1957186500BC0073 /* Sources */ = {
			isa = PBXSourcesBuildPhase;
			buildActionMask = 2147483647;
			files = (
				1FF59ECD1AE21ADC009C08DB /* DebugLog+Printable.swift in Sources */,
				1FF59ECE1AE21ADC009C08DB /* DebugLog+ClassParsing.swift in Sources */,
				1FF59ECB1AE21ADC009C08DB /* DDFileReader.swift in Sources */,
				1FF59ECF1AE21ADC009C08DB /* DDFileReader+DebugLog.swift in Sources */,
				1FD469541957186500BC0073 /* AppDelegate.swift in Sources */,
				1FF59ECC1AE21ADC009C08DB /* DebugLog.swift in Sources */,
			);
			runOnlyForDeploymentPostprocessing = 0;
		};
		1FD469571957186500BC0073 /* Sources */ = {
			isa = PBXSourcesBuildPhase;
			buildActionMask = 2147483647;
			files = (
				1FD469B019571E5F00BC0073 /* DebugLogDemoTests.swift in Sources */,
				1FF59ECA1AE21A9C009C08DB /* DebugLog.all.swift in Sources */,
			);
			runOnlyForDeploymentPostprocessing = 0;
		};
/* End PBXSourcesBuildPhase section */

/* Begin PBXTargetDependency section */
		1FD4695D1957186500BC0073 /* PBXTargetDependency */ = {
			isa = PBXTargetDependency;
			target = 1FD4694D1957186500BC0073 /* DebugLogDemo */;
			targetProxy = 1FD4695C1957186500BC0073 /* PBXContainerItemProxy */;
		};
		1FD46978195718A300BC0073 /* PBXTargetDependency */ = {
			isa = PBXTargetDependency;
			target = 1FD4694D1957186500BC0073 /* DebugLogDemo */;
			targetProxy = 1FD46977195718A300BC0073 /* PBXContainerItemProxy */;
		};
		1FD4697A195718A300BC0073 /* PBXTargetDependency */ = {
			isa = PBXTargetDependency;
			target = 1FD4694D1957186500BC0073 /* DebugLogDemo */;
			targetProxy = 1FD46979195718A300BC0073 /* PBXContainerItemProxy */;
		};
		1FE18D67195BC53D00DAFE3A /* PBXTargetDependency */ = {
			isa = PBXTargetDependency;
			target = 1FD4694D1957186500BC0073 /* DebugLogDemo */;
			targetProxy = 1FE18D66195BC53D00DAFE3A /* PBXContainerItemProxy */;
		};
/* End PBXTargetDependency section */

/* Begin XCBuildConfiguration section */
		1FD469631957186500BC0073 /* Debug */ = {
			isa = XCBuildConfiguration;
			buildSettings = {
				ALWAYS_SEARCH_USER_PATHS = NO;
				CLANG_CXX_LANGUAGE_STANDARD = "gnu++0x";
				CLANG_CXX_LIBRARY = "libc++";
				CLANG_ENABLE_MODULES = YES;
				CLANG_ENABLE_OBJC_ARC = YES;
				CLANG_WARN_BOOL_CONVERSION = YES;
				CLANG_WARN_CONSTANT_CONVERSION = YES;
				CLANG_WARN_DIRECT_OBJC_ISA_USAGE = YES_ERROR;
				CLANG_WARN_EMPTY_BODY = YES;
				CLANG_WARN_ENUM_CONVERSION = YES;
				CLANG_WARN_INT_CONVERSION = YES;
				CLANG_WARN_OBJC_ROOT_CLASS = YES_ERROR;
				CLANG_WARN_UNREACHABLE_CODE = YES;
				CLANG_WARN__DUPLICATE_METHOD_MATCH = YES;
				"CODE_SIGN_IDENTITY[sdk=iphoneos*]" = "iPhone Developer";
				COPY_PHASE_STRIP = NO;
				ENABLE_STRICT_OBJC_MSGSEND = YES;
				GCC_C_LANGUAGE_STANDARD = gnu99;
				GCC_DYNAMIC_NO_PIC = NO;
				GCC_OPTIMIZATION_LEVEL = 0;
				GCC_PREPROCESSOR_DEFINITIONS = (
					"DEBUG=1",
					"$(inherited)",
				);
				GCC_SYMBOLS_PRIVATE_EXTERN = NO;
				GCC_WARN_64_TO_32_BIT_CONVERSION = YES;
				GCC_WARN_ABOUT_RETURN_TYPE = YES_ERROR;
				GCC_WARN_UNDECLARED_SELECTOR = YES;
				GCC_WARN_UNINITIALIZED_AUTOS = YES_AGGRESSIVE;
				GCC_WARN_UNUSED_FUNCTION = YES;
				GCC_WARN_UNUSED_VARIABLE = YES;
				IPHONEOS_DEPLOYMENT_TARGET = 8.0;
				METAL_ENABLE_DEBUG_INFO = YES;
				ONLY_ACTIVE_ARCH = YES;
				OTHER_SWIFT_FLAGS = "-DDEBUG";
				SDKROOT = iphoneos;
				SWIFT_OPTIMIZATION_LEVEL = "-Onone";
				TARGETED_DEVICE_FAMILY = "1,2";
			};
			name = Debug;
		};
		1FD469641957186500BC0073 /* Release */ = {
			isa = XCBuildConfiguration;
			buildSettings = {
				ALWAYS_SEARCH_USER_PATHS = NO;
				CLANG_CXX_LANGUAGE_STANDARD = "gnu++0x";
				CLANG_CXX_LIBRARY = "libc++";
				CLANG_ENABLE_MODULES = YES;
				CLANG_ENABLE_OBJC_ARC = YES;
				CLANG_WARN_BOOL_CONVERSION = YES;
				CLANG_WARN_CONSTANT_CONVERSION = YES;
				CLANG_WARN_DIRECT_OBJC_ISA_USAGE = YES_ERROR;
				CLANG_WARN_EMPTY_BODY = YES;
				CLANG_WARN_ENUM_CONVERSION = YES;
				CLANG_WARN_INT_CONVERSION = YES;
				CLANG_WARN_OBJC_ROOT_CLASS = YES_ERROR;
				CLANG_WARN_UNREACHABLE_CODE = YES;
				CLANG_WARN__DUPLICATE_METHOD_MATCH = YES;
				"CODE_SIGN_IDENTITY[sdk=iphoneos*]" = "iPhone Developer";
				COPY_PHASE_STRIP = YES;
				ENABLE_NS_ASSERTIONS = NO;
				ENABLE_STRICT_OBJC_MSGSEND = YES;
				GCC_C_LANGUAGE_STANDARD = gnu99;
				GCC_WARN_64_TO_32_BIT_CONVERSION = YES;
				GCC_WARN_ABOUT_RETURN_TYPE = YES_ERROR;
				GCC_WARN_UNDECLARED_SELECTOR = YES;
				GCC_WARN_UNINITIALIZED_AUTOS = YES_AGGRESSIVE;
				GCC_WARN_UNUSED_FUNCTION = YES;
				GCC_WARN_UNUSED_VARIABLE = YES;
				IPHONEOS_DEPLOYMENT_TARGET = 8.0;
				METAL_ENABLE_DEBUG_INFO = NO;
				OTHER_SWIFT_FLAGS = "";
				SDKROOT = iphoneos;
				TARGETED_DEVICE_FAMILY = "1,2";
				VALIDATE_PRODUCT = YES;
			};
			name = Release;
		};
		1FD469661957186500BC0073 /* Debug */ = {
			isa = XCBuildConfiguration;
			buildSettings = {
				ASSETCATALOG_COMPILER_APPICON_NAME = AppIcon;
				ASSETCATALOG_COMPILER_LAUNCHIMAGE_NAME = LaunchImage;
				INFOPLIST_FILE = DebugLogDemo/Info.plist;
				LD_RUNPATH_SEARCH_PATHS = "$(inherited) @executable_path/Frameworks";
				PRODUCT_NAME = "$(TARGET_NAME)";
			};
			name = Debug;
		};
		1FD469671957186500BC0073 /* Release */ = {
			isa = XCBuildConfiguration;
			buildSettings = {
				ASSETCATALOG_COMPILER_APPICON_NAME = AppIcon;
				ASSETCATALOG_COMPILER_LAUNCHIMAGE_NAME = LaunchImage;
				INFOPLIST_FILE = DebugLogDemo/Info.plist;
				LD_RUNPATH_SEARCH_PATHS = "$(inherited) @executable_path/Frameworks";
				PRODUCT_NAME = "$(TARGET_NAME)";
			};
			name = Release;
		};
		1FD469691957186500BC0073 /* Debug */ = {
			isa = XCBuildConfiguration;
			buildSettings = {
				FRAMEWORK_SEARCH_PATHS = (
					"$(SDKROOT)/Developer/Library/Frameworks",
					"$(inherited)",
				);
				GCC_PREPROCESSOR_DEFINITIONS = (
					"DEBUG=1",
					"$(inherited)",
				);
				INFOPLIST_FILE = DebugLogDemoTests/Info.plist;
				LD_RUNPATH_SEARCH_PATHS = "$(inherited) @executable_path/Frameworks @loader_path/Frameworks";
				METAL_ENABLE_DEBUG_INFO = YES;
				PRODUCT_NAME = "$(TARGET_NAME)";
			};
			name = Debug;
		};
		1FD4696A1957186500BC0073 /* Release */ = {
			isa = XCBuildConfiguration;
			buildSettings = {
				FRAMEWORK_SEARCH_PATHS = (
					"$(SDKROOT)/Developer/Library/Frameworks",
					"$(inherited)",
				);
				INFOPLIST_FILE = DebugLogDemoTests/Info.plist;
				LD_RUNPATH_SEARCH_PATHS = "$(inherited) @executable_path/Frameworks @loader_path/Frameworks";
				METAL_ENABLE_DEBUG_INFO = NO;
				PRODUCT_NAME = "$(TARGET_NAME)";
			};
			name = Release;
		};
/* End XCBuildConfiguration section */

/* Begin XCConfigurationList section */
		1FD469491957186500BC0073 /* Build configuration list for PBXProject "DebugLogDemo" */ = {
			isa = XCConfigurationList;
			buildConfigurations = (
				1FD469631957186500BC0073 /* Debug */,
				1FD469641957186500BC0073 /* Release */,
			);
			defaultConfigurationIsVisible = 0;
			defaultConfigurationName = Release;
		};
		1FD469651957186500BC0073 /* Build configuration list for PBXNativeTarget "DebugLogDemo" */ = {
			isa = XCConfigurationList;
			buildConfigurations = (
				1FD469661957186500BC0073 /* Debug */,
				1FD469671957186500BC0073 /* Release */,
			);
			defaultConfigurationIsVisible = 0;
			defaultConfigurationName = Release;
		};
		1FD469681957186500BC0073 /* Build configuration list for PBXNativeTarget "DebugLogDemoTests" */ = {
			isa = XCConfigurationList;
			buildConfigurations = (
				1FD469691957186500BC0073 /* Debug */,
				1FD4696A1957186500BC0073 /* Release */,
			);
			defaultConfigurationIsVisible = 0;
			defaultConfigurationName = Release;
		};
/* End XCConfigurationList section */
	};
	rootObject = 1FD469461957186500BC0073 /* Project object */;
}
